
Microsoft Visual Studio Solution File, Format Version 12.00
# Visual Studio Version 17
VisualStudioVersion = 17.1.32228.430
MinimumVisualStudioVersion = 10.0.40219.1
Project("{9A19103F-16F7-4668-BE54-9A1E7A4F7556}") = "Playground.Console", "Console\Playground.Console\Playground.Console.csproj", "{6131DDF3-D009-401D-9ABA-0B69EC97997C}"
EndProject
Project("{9A19103F-16F7-4668-BE54-9A1E7A4F7556}") = "Playground.Api.Notification", "APIs\Notification\Playground.Api.Notification\Playground.Api.Notification.csproj", "{CE46B295-450D-49DB-BE08-D8195C1FDA76}"
EndProject
Project("{2150E333-8FDC-42A3-9474-1A3956D46DE8}") = "APIs", "APIs", "{1BAB90E7-2F48-4CCF-933E-BB441DD3F757}"
EndProject
Project("{2150E333-8FDC-42A3-9474-1A3956D46DE8}") = "Console", "Console", "{A3BA08C7-FFCF-4804-902B-0B25723C93A3}"
EndProject
Project("{2150E333-8FDC-42A3-9474-1A3956D46DE8}") = "Notification", "Notification", "{3AC8F7E9-FE21-489E-804F-CA3361E0313C}"
EndProject
Project("{2150E333-8FDC-42A3-9474-1A3956D46DE8}") = "BackgroundJob", "BackgroundJob", "{D32A488C-58CE-4BDE-B424-D68C6CD7DBD5}"
EndProject
Project("{9A19103F-16F7-4668-BE54-9A1E7A4F7556}") = "Playground.Api.BackgroundJob", "APIs\BackgroundJob\Playground.Api.BackgroundJob\Playground.Api.BackgroundJob.csproj", "{2FDDF12F-E6DF-4182-B5FB-74B3F14249AC}"
EndProject
Project("{2150E333-8FDC-42A3-9474-1A3956D46DE8}") = "MediaManager", "MediaManager", "{9940036A-47A8-42A9-BAF1-74E37E0A6C08}"
EndProject
Project("{9A19103F-16F7-4668-BE54-9A1E7A4F7556}") = "Playground.Api.MediaManager", "APIs\MediaManager\Playground.Api.MediaManager\Playground.Api.MediaManager.csproj", "{1297B19D-621A-434F-AA52-1E7477CB87F5}"
EndProject
Project("{2150E333-8FDC-42A3-9474-1A3956D46DE8}") = "FileStream", "FileStream", "{EF86C9A4-2522-4F5E-86AB-6FFAA4A31635}"
EndProject
Project("{9A19103F-16F7-4668-BE54-9A1E7A4F7556}") = "Playground.Api.FileStream", "APIs\FileStream\Playground.Api.FileStream\Playground.Api.FileStream.csproj", "{81E9C39C-8AA0-40DD-BD2A-11210A45E61F}"
EndProject
Project("{2150E333-8FDC-42A3-9474-1A3956D46DE8}") = "Kafka", "Kafka", "{D0C50E4E-FC75-4E50-8F93-871C15A063A8}"
EndProject
Project("{9A19103F-16F7-4668-BE54-9A1E7A4F7556}") = "Playground.Api.Kafka", "APIs\Kafka\Playground.Api.Kafka\Playground.Api.Kafka.csproj", "{73261670-F05E-40FD-A4CA-2F01AA942790}"
EndProject
Project("{9A19103F-16F7-4668-BE54-9A1E7A4F7556}") = "Playground.Api.Kafka.Receiver", "APIs\Kafka\Playground.Api.Kafka.Receiver\Playground.Api.Kafka.Receiver.csproj", "{BD18A3C1-614F-4167-B073-E38B2EDC917C}"
EndProject
Global
	GlobalSection(SolutionConfigurationPlatforms) = preSolution
		Debug|Any CPU = Debug|Any CPU
		Release|Any CPU = Release|Any CPU
	EndGlobalSection
	GlobalSection(ProjectConfigurationPlatforms) = postSolution
		{6131DDF3-D009-401D-9ABA-0B69EC97997C}.Debug|Any CPU.ActiveCfg = Debug|Any CPU
		{6131DDF3-D009-401D-9ABA-0B69EC97997C}.Debug|Any CPU.Build.0 = Debug|Any CPU
		{6131DDF3-D009-401D-9ABA-0B69EC97997C}.Release|Any CPU.ActiveCfg = Release|Any CPU
		{6131DDF3-D009-401D-9ABA-0B69EC97997C}.Release|Any CPU.Build.0 = Release|Any CPU
		{CE46B295-450D-49DB-BE08-D8195C1FDA76}.Debug|Any CPU.ActiveCfg = Debug|Any CPU
		{CE46B295-450D-49DB-BE08-D8195C1FDA76}.Debug|Any CPU.Build.0 = Debug|Any CPU
		{CE46B295-450D-49DB-BE08-D8195C1FDA76}.Release|Any CPU.ActiveCfg = Release|Any CPU
		{CE46B295-450D-49DB-BE08-D8195C1FDA76}.Release|Any CPU.Build.0 = Release|Any CPU
		{2FDDF12F-E6DF-4182-B5FB-74B3F14249AC}.Debug|Any CPU.ActiveCfg = Debug|Any CPU
		{2FDDF12F-E6DF-4182-B5FB-74B3F14249AC}.Debug|Any CPU.Build.0 = Debug|Any CPU
		{2FDDF12F-E6DF-4182-B5FB-74B3F14249AC}.Release|Any CPU.ActiveCfg = Release|Any CPU
		{2FDDF12F-E6DF-4182-B5FB-74B3F14249AC}.Release|Any CPU.Build.0 = Release|Any CPU
		{1297B19D-621A-434F-AA52-1E7477CB87F5}.Debug|Any CPU.ActiveCfg = Debug|Any CPU
		{1297B19D-621A-434F-AA52-1E7477CB87F5}.Debug|Any CPU.Build.0 = Debug|Any CPU
		{1297B19D-621A-434F-AA52-1E7477CB87F5}.Release|Any CPU.ActiveCfg = Release|Any CPU
		{1297B19D-621A-434F-AA52-1E7477CB87F5}.Release|Any CPU.Build.0 = Release|Any CPU
		{81E9C39C-8AA0-40DD-BD2A-11210A45E61F}.Debug|Any CPU.ActiveCfg = Debug|Any CPU
		{81E9C39C-8AA0-40DD-BD2A-11210A45E61F}.Debug|Any CPU.Build.0 = Debug|Any CPU
		{81E9C39C-8AA0-40DD-BD2A-11210A45E61F}.Release|Any CPU.ActiveCfg = Release|Any CPU
		{81E9C39C-8AA0-40DD-BD2A-11210A45E61F}.Release|Any CPU.Build.0 = Release|Any CPU
		{73261670-F05E-40FD-A4CA-2F01AA942790}.Debug|Any CPU.ActiveCfg = Debug|Any CPU
		{73261670-F05E-40FD-A4CA-2F01AA942790}.Debug|Any CPU.Build.0 = Debug|Any CPU
		{73261670-F05E-40FD-A4CA-2F01AA942790}.Release|Any CPU.ActiveCfg = Release|Any CPU
		{73261670-F05E-40FD-A4CA-2F01AA942790}.Release|Any CPU.Build.0 = Release|Any CPU
		{BD18A3C1-614F-4167-B073-E38B2EDC917C}.Debug|Any CPU.ActiveCfg = Debug|Any CPU
		{BD18A3C1-614F-4167-B073-E38B2EDC917C}.Debug|Any CPU.Build.0 = Debug|Any CPU
		{BD18A3C1-614F-4167-B073-E38B2EDC917C}.Release|Any CPU.ActiveCfg = Release|Any CPU
		{BD18A3C1-614F-4167-B073-E38B2EDC917C}.Release|Any CPU.Build.0 = Release|Any CPU
	EndGlobalSection
	GlobalSection(SolutionProperties) = preSolution
		HideSolutionNode = FALSE
	EndGlobalSection
	GlobalSection(NestedProjects) = preSolution
		{6131DDF3-D009-401D-9ABA-0B69EC97997C} = {A3BA08C7-FFCF-4804-902B-0B25723C93A3}
		{CE46B295-450D-49DB-BE08-D8195C1FDA76} = {3AC8F7E9-FE21-489E-804F-CA3361E0313C}
		{3AC8F7E9-FE21-489E-804F-CA3361E0313C} = {1BAB90E7-2F48-4CCF-933E-BB441DD3F757}
		{D32A488C-58CE-4BDE-B424-D68C6CD7DBD5} = {1BAB90E7-2F48-4CCF-933E-BB441DD3F757}
		{2FDDF12F-E6DF-4182-B5FB-74B3F14249AC} = {D32A488C-58CE-4BDE-B424-D68C6CD7DBD5}
		{9940036A-47A8-42A9-BAF1-74E37E0A6C08} = {1BAB90E7-2F48-4CCF-933E-BB441DD3F757}
		{1297B19D-621A-434F-AA52-1E7477CB87F5} = {9940036A-47A8-42A9-BAF1-74E37E0A6C08}
		{EF86C9A4-2522-4F5E-86AB-6FFAA4A31635} = {1BAB90E7-2F48-4CCF-933E-BB441DD3F757}
		{81E9C39C-8AA0-40DD-BD2A-11210A45E61F} = {EF86C9A4-2522-4F5E-86AB-6FFAA4A31635}
		{D0C50E4E-FC75-4E50-8F93-871C15A063A8} = {1BAB90E7-2F48-4CCF-933E-BB441DD3F757}
		{73261670-F05E-40FD-A4CA-2F01AA942790} = {D0C50E4E-FC75-4E50-8F93-871C15A063A8}
		{BD18A3C1-614F-4167-B073-E38B2EDC917C} = {D0C50E4E-FC75-4E50-8F93-871C15A063A8}
	EndGlobalSection
	GlobalSection(ExtensibilityGlobals) = postSolution
		SolutionGuid = {F6F416B0-FE81-4DCE-B85B-CB958F7407BF}
	EndGlobalSection
EndGlobal
