
Microsoft Visual Studio Solution File, Format Version 12.00
# Visual Studio Version 17
VisualStudioVersion = 17.1.32228.430
MinimumVisualStudioVersion = 10.0.40219.1
Project("{9A19103F-16F7-4668-BE54-9A1E7A4F7556}") = "Playground.Console", "Console\Playground.Console\Playground.Console.csproj", "{6131DDF3-D009-401D-9ABA-0B69EC97997C}"
EndProject
Project("{FAE04EC0-301F-11D3-BF4B-00C04F79EFBC}") = "Playground.Api.Notification", "APIs\Notification\Playground.Api.Notification\Playground.Api.Notification.csproj", "{CE46B295-450D-49DB-BE08-D8195C1FDA76}"
EndProject
Project("{2150E333-8FDC-42A3-9474-1A3956D46DE8}") = "APIs", "APIs", "{1BAB90E7-2F48-4CCF-933E-BB441DD3F757}"
EndProject
Project("{2150E333-8FDC-42A3-9474-1A3956D46DE8}") = "Console", "Console", "{A3BA08C7-FFCF-4804-902B-0B25723C93A3}"
EndProject
Project("{2150E333-8FDC-42A3-9474-1A3956D46DE8}") = "Notification", "Notification", "{3AC8F7E9-FE21-489E-804F-CA3361E0313C}"
EndProject
Global
	GlobalSection(SolutionConfigurationPlatforms) = preSolution
		Debug|Any CPU = Debug|Any CPU
		Release|Any CPU = Release|Any CPU
	EndGlobalSection
	GlobalSection(ProjectConfigurationPlatforms) = postSolution
		{6131DDF3-D009-401D-9ABA-0B69EC97997C}.Debug|Any CPU.ActiveCfg = Debug|Any CPU
		{6131DDF3-D009-401D-9ABA-0B69EC97997C}.Debug|Any CPU.Build.0 = Debug|Any CPU
		{6131DDF3-D009-401D-9ABA-0B69EC97997C}.Release|Any CPU.ActiveCfg = Release|Any CPU
		{6131DDF3-D009-401D-9ABA-0B69EC97997C}.Release|Any CPU.Build.0 = Release|Any CPU
		{CE46B295-450D-49DB-BE08-D8195C1FDA76}.Debug|Any CPU.ActiveCfg = Debug|Any CPU
		{CE46B295-450D-49DB-BE08-D8195C1FDA76}.Debug|Any CPU.Build.0 = Debug|Any CPU
		{CE46B295-450D-49DB-BE08-D8195C1FDA76}.Release|Any CPU.ActiveCfg = Release|Any CPU
		{CE46B295-450D-49DB-BE08-D8195C1FDA76}.Release|Any CPU.Build.0 = Release|Any CPU
	EndGlobalSection
	GlobalSection(SolutionProperties) = preSolution
		HideSolutionNode = FALSE
	EndGlobalSection
	GlobalSection(NestedProjects) = preSolution
		{6131DDF3-D009-401D-9ABA-0B69EC97997C} = {A3BA08C7-FFCF-4804-902B-0B25723C93A3}
		{CE46B295-450D-49DB-BE08-D8195C1FDA76} = {3AC8F7E9-FE21-489E-804F-CA3361E0313C}
		{3AC8F7E9-FE21-489E-804F-CA3361E0313C} = {1BAB90E7-2F48-4CCF-933E-BB441DD3F757}
	EndGlobalSection
	GlobalSection(ExtensibilityGlobals) = postSolution
		SolutionGuid = {F6F416B0-FE81-4DCE-B85B-CB958F7407BF}
	EndGlobalSection
EndGlobal
